
Microsoft Visual Studio Solution File, Format Version 12.00
# Visual Studio Version 16
VisualStudioVersion = 16.0.30804.86
MinimumVisualStudioVersion = 10.0.40219.1
Project("{FAE04EC0-301F-11D3-BF4B-00C04F79EFBC}") = "MyBank", "MyBank\MyBank.csproj", "{0DC4E48F-31B0-410B-93C5-37D0BADA464F}"
EndProject
Global
	GlobalSection(SolutionConfigurationPlatforms) = preSolution
		Debug|Any CPU = Debug|Any CPU
		Release|Any CPU = Release|Any CPU
	EndGlobalSection
	GlobalSection(ProjectConfigurationPlatforms) = postSolution
		{0DC4E48F-31B0-410B-93C5-37D0BADA464F}.Debug|Any CPU.ActiveCfg = Debug|Any CPU
		{0DC4E48F-31B0-410B-93C5-37D0BADA464F}.Debug|Any CPU.Build.0 = Debug|Any CPU
		{0DC4E48F-31B0-410B-93C5-37D0BADA464F}.Release|Any CPU.ActiveCfg = Release|Any CPU
		{0DC4E48F-31B0-410B-93C5-37D0BADA464F}.Release|Any CPU.Build.0 = Release|Any CPU
	EndGlobalSection
	GlobalSection(SolutionProperties) = preSolution
		HideSolutionNode = FALSE
	EndGlobalSection
	GlobalSection(ExtensibilityGlobals) = postSolution
		SolutionGuid = {5108DEB6-2930-4A0A-9A6E-E860E9C278F0}
	EndGlobalSection
EndGlobal
